
Microsoft Visual Studio Solution File, Format Version 12.00
Project("{FAE04EC0-301F-11D3-BF4B-00C04F79EFBC}") = "chatbot cyber sercurity", "chatbot cyber sercurity\chatbot cyber sercurity.csproj", "{385BCE2F-4B12-49E7-B491-62B295F9131D}"
EndProject
Global
	GlobalSection(SolutionConfigurationPlatforms) = preSolution
		Debug|Any CPU = Debug|Any CPU
		Release|Any CPU = Release|Any CPU
	EndGlobalSection
	GlobalSection(ProjectConfigurationPlatforms) = postSolution
		{385BCE2F-4B12-49E7-B491-62B295F9131D}.Debug|Any CPU.ActiveCfg = Debug|Any CPU
		{385BCE2F-4B12-49E7-B491-62B295F9131D}.Debug|Any CPU.Build.0 = Debug|Any CPU
		{385BCE2F-4B12-49E7-B491-62B295F9131D}.Release|Any CPU.ActiveCfg = Release|Any CPU
		{385BCE2F-4B12-49E7-B491-62B295F9131D}.Release|Any CPU.Build.0 = Release|Any CPU
	EndGlobalSection
EndGlobal
